
Microsoft Visual Studio Solution File, Format Version 12.00
# Visual Studio Version 17
VisualStudioVersion = 17.9.34622.214
MinimumVisualStudioVersion = 10.0.40219.1
Project("{FAE04EC0-301F-11D3-BF4B-00C04F79EFBC}") = "VerificadorDuplicidadeCodigosRetorno", "VerificadorDuplicidadeCodigosRetorno.csproj", "{9EF17E72-AF17-48A0-BB59-8BC7E0E05EB0}"
EndProject
Global
	GlobalSection(SolutionConfigurationPlatforms) = preSolution
		Debug|Any CPU = Debug|Any CPU
		Release|Any CPU = Release|Any CPU
	EndGlobalSection
	GlobalSection(ProjectConfigurationPlatforms) = postSolution
		{9EF17E72-AF17-48A0-BB59-8BC7E0E05EB0}.Debug|Any CPU.ActiveCfg = Debug|Any CPU
		{9EF17E72-AF17-48A0-BB59-8BC7E0E05EB0}.Debug|Any CPU.Build.0 = Debug|Any CPU
		{9EF17E72-AF17-48A0-BB59-8BC7E0E05EB0}.Release|Any CPU.ActiveCfg = Release|Any CPU
		{9EF17E72-AF17-48A0-BB59-8BC7E0E05EB0}.Release|Any CPU.Build.0 = Release|Any CPU
	EndGlobalSection
	GlobalSection(SolutionProperties) = preSolution
		HideSolutionNode = FALSE
	EndGlobalSection
	GlobalSection(ExtensibilityGlobals) = postSolution
		SolutionGuid = {3672FC51-62DD-4AA0-ABFE-0BB597514F24}
	EndGlobalSection
EndGlobal
